
Microsoft Visual Studio Solution File, Format Version 12.00
# Visual Studio Version 17
VisualStudioVersion = 17.8.34525.116
MinimumVisualStudioVersion = 10.0.40219.1
Project("{9A19103F-16F7-4668-BE54-9A1E7A4F7556}") = "SSC Gimnasio", "SSC Gimnasio.csproj", "{347A0838-BB93-49BD-96D8-95CF79574A7C}"
EndProject
Global
	GlobalSection(SolutionConfigurationPlatforms) = preSolution
		Debug|Any CPU = Debug|Any CPU
		Release|Any CPU = Release|Any CPU
	EndGlobalSection
	GlobalSection(ProjectConfigurationPlatforms) = postSolution
		{347A0838-BB93-49BD-96D8-95CF79574A7C}.Debug|Any CPU.ActiveCfg = Debug|Any CPU
		{347A0838-BB93-49BD-96D8-95CF79574A7C}.Debug|Any CPU.Build.0 = Debug|Any CPU
		{347A0838-BB93-49BD-96D8-95CF79574A7C}.Release|Any CPU.ActiveCfg = Release|Any CPU
		{347A0838-BB93-49BD-96D8-95CF79574A7C}.Release|Any CPU.Build.0 = Release|Any CPU
	EndGlobalSection
	GlobalSection(SolutionProperties) = preSolution
		HideSolutionNode = FALSE
	EndGlobalSection
	GlobalSection(ExtensibilityGlobals) = postSolution
		SolutionGuid = {DE209632-B96A-49C4-B912-C0F068B43288}
	EndGlobalSection
EndGlobal
