
Microsoft Visual Studio Solution File, Format Version 12.00
# Visual Studio Version 17
VisualStudioVersion = 17.8.34525.116
MinimumVisualStudioVersion = 10.0.40219.1
Project("{FAE04EC0-301F-11D3-BF4B-00C04F79EFBC}") = "SSC_Gimnasio", "SSC_Gimnasio\SSC_Gimnasio.csproj", "{F6385B5D-FCB7-48AB-B8FF-09F3908623E1}"
EndProject
Project("{FAE04EC0-301F-11D3-BF4B-00C04F79EFBC}") = "SSC_Gimnasio.Client", "SSC_Gimnasio.Client\SSC_Gimnasio.Client.csproj", "{DBBA10E1-9D8F-43C6-89A5-899A86B1B48A}"
EndProject
Global
	GlobalSection(SolutionConfigurationPlatforms) = preSolution
		Debug|Any CPU = Debug|Any CPU
		Release|Any CPU = Release|Any CPU
	EndGlobalSection
	GlobalSection(ProjectConfigurationPlatforms) = postSolution
		{F6385B5D-FCB7-48AB-B8FF-09F3908623E1}.Debug|Any CPU.ActiveCfg = Debug|Any CPU
		{F6385B5D-FCB7-48AB-B8FF-09F3908623E1}.Debug|Any CPU.Build.0 = Debug|Any CPU
		{F6385B5D-FCB7-48AB-B8FF-09F3908623E1}.Release|Any CPU.ActiveCfg = Release|Any CPU
		{F6385B5D-FCB7-48AB-B8FF-09F3908623E1}.Release|Any CPU.Build.0 = Release|Any CPU
		{DBBA10E1-9D8F-43C6-89A5-899A86B1B48A}.Debug|Any CPU.ActiveCfg = Debug|Any CPU
		{DBBA10E1-9D8F-43C6-89A5-899A86B1B48A}.Debug|Any CPU.Build.0 = Debug|Any CPU
		{DBBA10E1-9D8F-43C6-89A5-899A86B1B48A}.Release|Any CPU.ActiveCfg = Release|Any CPU
		{DBBA10E1-9D8F-43C6-89A5-899A86B1B48A}.Release|Any CPU.Build.0 = Release|Any CPU
	EndGlobalSection
	GlobalSection(SolutionProperties) = preSolution
		HideSolutionNode = FALSE
	EndGlobalSection
	GlobalSection(ExtensibilityGlobals) = postSolution
		SolutionGuid = {C9C6082D-D345-4014-B2D5-5752E59A9A94}
	EndGlobalSection
EndGlobal
